
Microsoft Visual Studio Solution File, Format Version 12.00
# Visual Studio 15
VisualStudioVersion = 15.0.27130.2024
MinimumVisualStudioVersion = 10.0.40219.1
Project("{9A19103F-16F7-4668-BE54-9A1E7A4F7556}") = "HtmlBuilders", "HtmlBuilders\HtmlBuilders.csproj", "{E687A169-6B64-412D-9C87-FA4182693079}"
EndProject
Project("{9A19103F-16F7-4668-BE54-9A1E7A4F7556}") = "HtmlBuilders.Tests", "HtmlBuilders.Tests\HtmlBuilders.Tests.csproj", "{2877C2C3-6363-41BA-9FE7-78D2C9CEF1AB}"
EndProject
Project("{2150E333-8FDC-42A3-9474-1A3956D46DE8}") = "Solution Items", "Solution Items", "{80305863-CCFB-430E-A51B-4F597D4B8595}"
	ProjectSection(SolutionItems) = preProject
		Directory.Build.props = Directory.Build.props
		Directory.Build.targets = Directory.Build.targets
		Directory.Packages.props = Directory.Packages.props
		.editorconfig = .editorconfig
		publish.ps1 = publish.ps1
		.github\workflows\build.yml = .github\workflows\build.yml
		README.md = README.md
		CHANGELOG.md = CHANGELOG.md
	EndProjectSection
EndProject
Global
	GlobalSection(SolutionConfigurationPlatforms) = preSolution
		Debug|Any CPU = Debug|Any CPU
		Release|Any CPU = Release|Any CPU
	EndGlobalSection
	GlobalSection(ProjectConfigurationPlatforms) = postSolution
		{E687A169-6B64-412D-9C87-FA4182693079}.Debug|Any CPU.ActiveCfg = Debug|Any CPU
		{E687A169-6B64-412D-9C87-FA4182693079}.Debug|Any CPU.Build.0 = Debug|Any CPU
		{E687A169-6B64-412D-9C87-FA4182693079}.Release|Any CPU.ActiveCfg = Release|Any CPU
		{E687A169-6B64-412D-9C87-FA4182693079}.Release|Any CPU.Build.0 = Release|Any CPU
		{2877C2C3-6363-41BA-9FE7-78D2C9CEF1AB}.Debug|Any CPU.ActiveCfg = Debug|Any CPU
		{2877C2C3-6363-41BA-9FE7-78D2C9CEF1AB}.Debug|Any CPU.Build.0 = Debug|Any CPU
		{2877C2C3-6363-41BA-9FE7-78D2C9CEF1AB}.Release|Any CPU.ActiveCfg = Release|Any CPU
		{2877C2C3-6363-41BA-9FE7-78D2C9CEF1AB}.Release|Any CPU.Build.0 = Release|Any CPU
	EndGlobalSection
	GlobalSection(SolutionProperties) = preSolution
		HideSolutionNode = FALSE
	EndGlobalSection
	GlobalSection(ExtensibilityGlobals) = postSolution
		SolutionGuid = {BFDD7179-CA34-4046-91B6-B27165768E78}
	EndGlobalSection
EndGlobal
